// !$*UTF8*$!
{
	archiveVersion = 1;
	classes = {
	};
	objectVersion = 48;
	objects = {

/* Begin PBXBuildFile section */
		0D0A9CC321D3116C00F1DD45 /* AppDelegate.swift in Sources */ = {isa = PBXBuildFile; fileRef = 0D0A9CC221D3116C00F1DD45 /* AppDelegate.swift */; };
		0D0A9CC521D3116C00F1DD45 /* ViewController.swift in Sources */ = {isa = PBXBuildFile; fileRef = 0D0A9CC421D3116C00F1DD45 /* ViewController.swift */; };
		0D0A9CC821D3116D00F1DD45 /* Main.storyboard in Resources */ = {isa = PBXBuildFile; fileRef = 0D0A9CC621D3116D00F1DD45 /* Main.storyboard */; };
		0D0A9CCA21D3116D00F1DD45 /* Assets.xcassets in Resources */ = {isa = PBXBuildFile; fileRef = 0D0A9CC921D3116D00F1DD45 /* Assets.xcassets */; };
		0D0A9CCD21D3116D00F1DD45 /* LaunchScreen.storyboard in Resources */ = {isa = PBXBuildFile; fileRef = 0D0A9CCB21D3116D00F1DD45 /* LaunchScreen.storyboard */; };
		0D0A9CD821D3116D00F1DD45 /* A_Lovely_Onmiscient_Networking_ExperienceTests.swift in Sources */ = {isa = PBXBuildFile; fileRef = 0D0A9CD721D3116D00F1DD45 /* A_Lovely_Onmiscient_Networking_ExperienceTests.swift */; };
		0D0A9CE321D3116D00F1DD45 /* A_Lovely_Onmiscient_Networking_ExperienceUITests.swift in Sources */ = {isa = PBXBuildFile; fileRef = 0D0A9CE221D3116D00F1DD45 /* A_Lovely_Onmiscient_Networking_ExperienceUITests.swift */; };
		0D0A9CF121D3152200F1DD45 /* GenerationViewController.swift in Sources */ = {isa = PBXBuildFile; fileRef = 0D0A9CF021D3152200F1DD45 /* GenerationViewController.swift */; };
		0D0A9CF321D3154D00F1DD45 /* WorldClass.swift in Sources */ = {isa = PBXBuildFile; fileRef = 0D0A9CF221D3154D00F1DD45 /* WorldClass.swift */; };
		0D1F2F6321F3A7CE00F4D4C6 /* BattleViewController.swift in Sources */ = {isa = PBXBuildFile; fileRef = 0D1F2F6221F3A7CE00F4D4C6 /* BattleViewController.swift */; };
		0D1F2F6521F3AA3D00F4D4C6 /* IntroViewController.swift in Sources */ = {isa = PBXBuildFile; fileRef = 0D1F2F6421F3AA3D00F4D4C6 /* IntroViewController.swift */; };
		0D1F2F6721F3AA4B00F4D4C6 /* StartViewController.swift in Sources */ = {isa = PBXBuildFile; fileRef = 0D1F2F6621F3AA4B00F4D4C6 /* StartViewController.swift */; };
		0D1F2F6921F3ACFF00F4D4C6 /* MenuViewController.swift in Sources */ = {isa = PBXBuildFile; fileRef = 0D1F2F6821F3ACFF00F4D4C6 /* MenuViewController.swift */; };
		0D1F2F6D21F51FFC00F4D4C6 /* InventoryViewController.swift in Sources */ = {isa = PBXBuildFile; fileRef = 0D1F2F6C21F51FFC00F4D4C6 /* InventoryViewController.swift */; };
		0D21F76621F8B3CB00E6DD4B /* Debuff.swift in Sources */ = {isa = PBXBuildFile; fileRef = 0D21F76521F8B3CB00E6DD4B /* Debuff.swift */; };
		0D21F76821F8BAF700E6DD4B /* Quest.swift in Sources */ = {isa = PBXBuildFile; fileRef = 0D21F76721F8BAF700E6DD4B /* Quest.swift */; };
		0D4AE17621DE79460062612E /* EntityClass.swift in Sources */ = {isa = PBXBuildFile; fileRef = 0D4AE17521DE79460062612E /* EntityClass.swift */; };
		0D4AE17821DF0EC60062612E /* Item.swift in Sources */ = {isa = PBXBuildFile; fileRef = 0D4AE17721DF0EC60062612E /* Item.swift */; };
		0DB6372722C535DB0017DA08 /* Mineral.swift in Sources */ = {isa = PBXBuildFile; fileRef = 0DB6372622C535DB0017DA08 /* Mineral.swift */; };
		0DB6372D22D612C90017DA08 /* Pocket.swift in Sources */ = {isa = PBXBuildFile; fileRef = 0DB6372C22D612C90017DA08 /* Pocket.swift */; };
		0DB6372F22D776B60017DA08 /* Skill.swift in Sources */ = {isa = PBXBuildFile; fileRef = 0DB6372E22D776B60017DA08 /* Skill.swift */; };
		0DB6373122DE50050017DA08 /* Equipment.swift in Sources */ = {isa = PBXBuildFile; fileRef = 0DB6373022DE50050017DA08 /* Equipment.swift */; };
		0DB6373322DE50200017DA08 /* BodyPart.swift in Sources */ = {isa = PBXBuildFile; fileRef = 0DB6373222DE50200017DA08 /* BodyPart.swift */; };
		0DC1C18F23202CDB00BC5934 /* ShopViewController.swift in Sources */ = {isa = PBXBuildFile; fileRef = 0DC1C18E23202CDB00BC5934 /* ShopViewController.swift */; };
		0DC1C191232032D200BC5934 /* Shop.swift in Sources */ = {isa = PBXBuildFile; fileRef = 0DC1C190232032D200BC5934 /* Shop.swift */; };
		0DC60A6B22F25B0D008E9156 /* Biohazard.swift in Sources */ = {isa = PBXBuildFile; fileRef = 0DC60A6A22F25B0D008E9156 /* Biohazard.swift */; };
		0DE0ED7E226FB94300166A2D /* VictoryViewController.swift in Sources */ = {isa = PBXBuildFile; fileRef = 0DE0ED7D226FB94300166A2D /* VictoryViewController.swift */; };
		0DEDA8552280EC7D00ACA925 /* CraftingViewController.swift in Sources */ = {isa = PBXBuildFile; fileRef = 0DEDA8542280EC7D00ACA925 /* CraftingViewController.swift */; };
/* End PBXBuildFile section */

/* Begin PBXContainerItemProxy section */
		0D0A9CD421D3116D00F1DD45 /* PBXContainerItemProxy */ = {
			isa = PBXContainerItemProxy;
			containerPortal = 0D0A9CB721D3116C00F1DD45 /* Project object */;
			proxyType = 1;
			remoteGlobalIDString = 0D0A9CBE21D3116C00F1DD45;
			remoteInfo = "A Lovely Onmiscient Networking Experience";
		};
		0D0A9CDF21D3116D00F1DD45 /* PBXContainerItemProxy */ = {
			isa = PBXContainerItemProxy;
			containerPortal = 0D0A9CB721D3116C00F1DD45 /* Project object */;
			proxyType = 1;
			remoteGlobalIDString = 0D0A9CBE21D3116C00F1DD45;
			remoteInfo = "A Lovely Onmiscient Networking Experience";
		};
/* End PBXContainerItemProxy section */

/* Begin PBXFileReference section */
		0D0A9CBF21D3116C00F1DD45 /* A Lovely Onmiscient Networking Experience.app */ = {isa = PBXFileReference; explicitFileType = wrapper.application; includeInIndex = 0; path = "A Lovely Onmiscient Networking Experience.app"; sourceTree = BUILT_PRODUCTS_DIR; };
		0D0A9CC221D3116C00F1DD45 /* AppDelegate.swift */ = {isa = PBXFileReference; lastKnownFileType = sourcecode.swift; path = AppDelegate.swift; sourceTree = "<group>"; };
		0D0A9CC421D3116C00F1DD45 /* ViewController.swift */ = {isa = PBXFileReference; lastKnownFileType = sourcecode.swift; path = ViewController.swift; sourceTree = "<group>"; };
		0D0A9CC721D3116D00F1DD45 /* Base */ = {isa = PBXFileReference; lastKnownFileType = file.storyboard; name = Base; path = Base.lproj/Main.storyboard; sourceTree = "<group>"; };
		0D0A9CC921D3116D00F1DD45 /* Assets.xcassets */ = {isa = PBXFileReference; lastKnownFileType = folder.assetcatalog; path = Assets.xcassets; sourceTree = "<group>"; };
		0D0A9CCC21D3116D00F1DD45 /* Base */ = {isa = PBXFileReference; lastKnownFileType = file.storyboard; name = Base; path = Base.lproj/LaunchScreen.storyboard; sourceTree = "<group>"; };
		0D0A9CCE21D3116D00F1DD45 /* Info.plist */ = {isa = PBXFileReference; lastKnownFileType = text.plist.xml; path = Info.plist; sourceTree = "<group>"; };
		0D0A9CD321D3116D00F1DD45 /* A Lovely Onmiscient Networking ExperienceTests.xctest */ = {isa = PBXFileReference; explicitFileType = wrapper.cfbundle; includeInIndex = 0; path = "A Lovely Onmiscient Networking ExperienceTests.xctest"; sourceTree = BUILT_PRODUCTS_DIR; };
		0D0A9CD721D3116D00F1DD45 /* A_Lovely_Onmiscient_Networking_ExperienceTests.swift */ = {isa = PBXFileReference; lastKnownFileType = sourcecode.swift; path = A_Lovely_Onmiscient_Networking_ExperienceTests.swift; sourceTree = "<group>"; };
		0D0A9CD921D3116D00F1DD45 /* Info.plist */ = {isa = PBXFileReference; lastKnownFileType = text.plist.xml; path = Info.plist; sourceTree = "<group>"; };
		0D0A9CDE21D3116D00F1DD45 /* A Lovely Onmiscient Networking ExperienceUITests.xctest */ = {isa = PBXFileReference; explicitFileType = wrapper.cfbundle; includeInIndex = 0; path = "A Lovely Onmiscient Networking ExperienceUITests.xctest"; sourceTree = BUILT_PRODUCTS_DIR; };
		0D0A9CE221D3116D00F1DD45 /* A_Lovely_Onmiscient_Networking_ExperienceUITests.swift */ = {isa = PBXFileReference; lastKnownFileType = sourcecode.swift; path = A_Lovely_Onmiscient_Networking_ExperienceUITests.swift; sourceTree = "<group>"; };
		0D0A9CE421D3116D00F1DD45 /* Info.plist */ = {isa = PBXFileReference; lastKnownFileType = text.plist.xml; path = Info.plist; sourceTree = "<group>"; };
		0D0A9CF021D3152200F1DD45 /* GenerationViewController.swift */ = {isa = PBXFileReference; lastKnownFileType = sourcecode.swift; path = GenerationViewController.swift; sourceTree = "<group>"; };
		0D0A9CF221D3154D00F1DD45 /* WorldClass.swift */ = {isa = PBXFileReference; lastKnownFileType = sourcecode.swift; path = WorldClass.swift; sourceTree = "<group>"; };
		0D1F2F6221F3A7CE00F4D4C6 /* BattleViewController.swift */ = {isa = PBXFileReference; lastKnownFileType = sourcecode.swift; path = BattleViewController.swift; sourceTree = "<group>"; };
		0D1F2F6421F3AA3D00F4D4C6 /* IntroViewController.swift */ = {isa = PBXFileReference; lastKnownFileType = sourcecode.swift; path = IntroViewController.swift; sourceTree = "<group>"; };
		0D1F2F6621F3AA4B00F4D4C6 /* StartViewController.swift */ = {isa = PBXFileReference; lastKnownFileType = sourcecode.swift; path = StartViewController.swift; sourceTree = "<group>"; };
		0D1F2F6821F3ACFF00F4D4C6 /* MenuViewController.swift */ = {isa = PBXFileReference; lastKnownFileType = sourcecode.swift; path = MenuViewController.swift; sourceTree = "<group>"; };
		0D1F2F6C21F51FFC00F4D4C6 /* InventoryViewController.swift */ = {isa = PBXFileReference; lastKnownFileType = sourcecode.swift; path = InventoryViewController.swift; sourceTree = "<group>"; };
		0D21F76521F8B3CB00E6DD4B /* Debuff.swift */ = {isa = PBXFileReference; lastKnownFileType = sourcecode.swift; path = Debuff.swift; sourceTree = "<group>"; };
		0D21F76721F8BAF700E6DD4B /* Quest.swift */ = {isa = PBXFileReference; lastKnownFileType = sourcecode.swift; path = Quest.swift; sourceTree = "<group>"; };
		0D4AE17521DE79460062612E /* EntityClass.swift */ = {isa = PBXFileReference; lastKnownFileType = sourcecode.swift; path = EntityClass.swift; sourceTree = "<group>"; };
		0D4AE17721DF0EC60062612E /* Item.swift */ = {isa = PBXFileReference; lastKnownFileType = sourcecode.swift; path = Item.swift; sourceTree = "<group>"; };
		0DB6372622C535DB0017DA08 /* Mineral.swift */ = {isa = PBXFileReference; lastKnownFileType = sourcecode.swift; path = Mineral.swift; sourceTree = "<group>"; };
		0DB6372C22D612C90017DA08 /* Pocket.swift */ = {isa = PBXFileReference; lastKnownFileType = sourcecode.swift; path = Pocket.swift; sourceTree = "<group>"; };
		0DB6372E22D776B60017DA08 /* Skill.swift */ = {isa = PBXFileReference; lastKnownFileType = sourcecode.swift; path = Skill.swift; sourceTree = "<group>"; };
		0DB6373022DE50050017DA08 /* Equipment.swift */ = {isa = PBXFileReference; lastKnownFileType = sourcecode.swift; path = Equipment.swift; sourceTree = "<group>"; };
		0DB6373222DE50200017DA08 /* BodyPart.swift */ = {isa = PBXFileReference; lastKnownFileType = sourcecode.swift; path = BodyPart.swift; sourceTree = "<group>"; };
		0DC1C18E23202CDB00BC5934 /* ShopViewController.swift */ = {isa = PBXFileReference; lastKnownFileType = sourcecode.swift; path = ShopViewController.swift; sourceTree = "<group>"; };
		0DC1C190232032D200BC5934 /* Shop.swift */ = {isa = PBXFileReference; lastKnownFileType = sourcecode.swift; path = Shop.swift; sourceTree = "<group>"; };
		0DC60A6A22F25B0D008E9156 /* Biohazard.swift */ = {isa = PBXFileReference; lastKnownFileType = sourcecode.swift; path = Biohazard.swift; sourceTree = "<group>"; };
		0DE0ED7D226FB94300166A2D /* VictoryViewController.swift */ = {isa = PBXFileReference; lastKnownFileType = sourcecode.swift; path = VictoryViewController.swift; sourceTree = "<group>"; };
		0DEDA8542280EC7D00ACA925 /* CraftingViewController.swift */ = {isa = PBXFileReference; lastKnownFileType = sourcecode.swift; path = CraftingViewController.swift; sourceTree = "<group>"; };
/* End PBXFileReference section */

/* Begin PBXFrameworksBuildPhase section */
		0D0A9CBC21D3116C00F1DD45 /* Frameworks */ = {
			isa = PBXFrameworksBuildPhase;
			buildActionMask = 2147483647;
			files = (
			);
			runOnlyForDeploymentPostprocessing = 0;
		};
		0D0A9CD021D3116D00F1DD45 /* Frameworks */ = {
			isa = PBXFrameworksBuildPhase;
			buildActionMask = 2147483647;
			files = (
			);
			runOnlyForDeploymentPostprocessing = 0;
		};
		0D0A9CDB21D3116D00F1DD45 /* Frameworks */ = {
			isa = PBXFrameworksBuildPhase;
			buildActionMask = 2147483647;
			files = (
			);
			runOnlyForDeploymentPostprocessing = 0;
		};
/* End PBXFrameworksBuildPhase section */

/* Begin PBXGroup section */
		0D0A9CB621D3116C00F1DD45 = {
			isa = PBXGroup;
			children = (
				0D0A9CC121D3116C00F1DD45 /* A Lovely Omniscient Networking Experience */,
				0D0A9CD621D3116D00F1DD45 /* A Lovely Omniscient Networking ExperienceTests */,
				0D0A9CE121D3116D00F1DD45 /* A Lovely Omniscient Networking ExperienceUITests */,
				0D0A9CC021D3116C00F1DD45 /* Products */,
			);
			sourceTree = "<group>";
		};
		0D0A9CC021D3116C00F1DD45 /* Products */ = {
			isa = PBXGroup;
			children = (
				0D0A9CBF21D3116C00F1DD45 /* A Lovely Onmiscient Networking Experience.app */,
				0D0A9CD321D3116D00F1DD45 /* A Lovely Onmiscient Networking ExperienceTests.xctest */,
				0D0A9CDE21D3116D00F1DD45 /* A Lovely Onmiscient Networking ExperienceUITests.xctest */,
			);
			name = Products;
			sourceTree = "<group>";
		};
		0D0A9CC121D3116C00F1DD45 /* A Lovely Omniscient Networking Experience */ = {
			isa = PBXGroup;
			children = (
				0D0A9CC221D3116C00F1DD45 /* AppDelegate.swift */,
				0D0A9CC421D3116C00F1DD45 /* ViewController.swift */,
				0D0A9CC621D3116D00F1DD45 /* Main.storyboard */,
				0DC1C18E23202CDB00BC5934 /* ShopViewController.swift */,
				0DEDA8542280EC7D00ACA925 /* CraftingViewController.swift */,
				0DE0ED7D226FB94300166A2D /* VictoryViewController.swift */,
				0D21F76521F8B3CB00E6DD4B /* Debuff.swift */,
				0DC60A6A22F25B0D008E9156 /* Biohazard.swift */,
				0D1F2F6C21F51FFC00F4D4C6 /* InventoryViewController.swift */,
				0D1F2F6421F3AA3D00F4D4C6 /* IntroViewController.swift */,
				0D21F76721F8BAF700E6DD4B /* Quest.swift */,
				0D1F2F6621F3AA4B00F4D4C6 /* StartViewController.swift */,
				0D1F2F6221F3A7CE00F4D4C6 /* BattleViewController.swift */,
				0D4AE17521DE79460062612E /* EntityClass.swift */,
				0DB6372622C535DB0017DA08 /* Mineral.swift */,
				0DB6372E22D776B60017DA08 /* Skill.swift */,
				0DB6373022DE50050017DA08 /* Equipment.swift */,
				0DB6373222DE50200017DA08 /* BodyPart.swift */,
				0D4AE17721DF0EC60062612E /* Item.swift */,
				0DB6372C22D612C90017DA08 /* Pocket.swift */,
				0D0A9CF221D3154D00F1DD45 /* WorldClass.swift */,
				0DC1C190232032D200BC5934 /* Shop.swift */,
				0D1F2F6821F3ACFF00F4D4C6 /* MenuViewController.swift */,
				0D0A9CF021D3152200F1DD45 /* GenerationViewController.swift */,
				0D0A9CC921D3116D00F1DD45 /* Assets.xcassets */,
				0D0A9CCB21D3116D00F1DD45 /* LaunchScreen.storyboard */,
				0D0A9CCE21D3116D00F1DD45 /* Info.plist */,
			);
			path = "A Lovely Omniscient Networking Experience";
			sourceTree = "<group>";
		};
		0D0A9CD621D3116D00F1DD45 /* A Lovely Omniscient Networking ExperienceTests */ = {
			isa = PBXGroup;
			children = (
				0D0A9CD721D3116D00F1DD45 /* A_Lovely_Onmiscient_Networking_ExperienceTests.swift */,
				0D0A9CD921D3116D00F1DD45 /* Info.plist */,
			);
			path = "A Lovely Omniscient Networking ExperienceTests";
			sourceTree = "<group>";
		};
		0D0A9CE121D3116D00F1DD45 /* A Lovely Omniscient Networking ExperienceUITests */ = {
			isa = PBXGroup;
			children = (
				0D0A9CE221D3116D00F1DD45 /* A_Lovely_Onmiscient_Networking_ExperienceUITests.swift */,
				0D0A9CE421D3116D00F1DD45 /* Info.plist */,
			);
			path = "A Lovely Omniscient Networking ExperienceUITests";
			sourceTree = "<group>";
		};
/* End PBXGroup section */

/* Begin PBXNativeTarget section */
		0D0A9CBE21D3116C00F1DD45 /* A Lovely Onmiscient Networking Experience */ = {
			isa = PBXNativeTarget;
			buildConfigurationList = 0D0A9CE721D3116D00F1DD45 /* Build configuration list for PBXNativeTarget "A Lovely Onmiscient Networking Experience" */;
			buildPhases = (
				0D0A9CBB21D3116C00F1DD45 /* Sources */,
				0D0A9CBC21D3116C00F1DD45 /* Frameworks */,
				0D0A9CBD21D3116C00F1DD45 /* Resources */,
			);
			buildRules = (
			);
			dependencies = (
			);
			name = "A Lovely Onmiscient Networking Experience";
			productName = "A Lovely Onmiscient Networking Experience";
			productReference = 0D0A9CBF21D3116C00F1DD45 /* A Lovely Onmiscient Networking Experience.app */;
			productType = "com.apple.product-type.application";
		};
		0D0A9CD221D3116D00F1DD45 /* A Lovely Onmiscient Networking ExperienceTests */ = {
			isa = PBXNativeTarget;
			buildConfigurationList = 0D0A9CEA21D3116D00F1DD45 /* Build configuration list for PBXNativeTarget "A Lovely Onmiscient Networking ExperienceTests" */;
			buildPhases = (
				0D0A9CCF21D3116D00F1DD45 /* Sources */,
				0D0A9CD021D3116D00F1DD45 /* Frameworks */,
				0D0A9CD121D3116D00F1DD45 /* Resources */,
			);
			buildRules = (
			);
			dependencies = (
				0D0A9CD521D3116D00F1DD45 /* PBXTargetDependency */,
			);
			name = "A Lovely Onmiscient Networking ExperienceTests";
			productName = "A Lovely Onmiscient Networking ExperienceTests";
			productReference = 0D0A9CD321D3116D00F1DD45 /* A Lovely Onmiscient Networking ExperienceTests.xctest */;
			productType = "com.apple.product-type.bundle.unit-test";
		};
		0D0A9CDD21D3116D00F1DD45 /* A Lovely Onmiscient Networking ExperienceUITests */ = {
			isa = PBXNativeTarget;
			buildConfigurationList = 0D0A9CED21D3116D00F1DD45 /* Build configuration list for PBXNativeTarget "A Lovely Onmiscient Networking ExperienceUITests" */;
			buildPhases = (
				0D0A9CDA21D3116D00F1DD45 /* Sources */,
				0D0A9CDB21D3116D00F1DD45 /* Frameworks */,
				0D0A9CDC21D3116D00F1DD45 /* Resources */,
			);
			buildRules = (
			);
			dependencies = (
				0D0A9CE021D3116D00F1DD45 /* PBXTargetDependency */,
			);
			name = "A Lovely Onmiscient Networking ExperienceUITests";
			productName = "A Lovely Onmiscient Networking ExperienceUITests";
			productReference = 0D0A9CDE21D3116D00F1DD45 /* A Lovely Onmiscient Networking ExperienceUITests.xctest */;
			productType = "com.apple.product-type.bundle.ui-testing";
		};
/* End PBXNativeTarget section */

/* Begin PBXProject section */
		0D0A9CB721D3116C00F1DD45 /* Project object */ = {
			isa = PBXProject;
			attributes = {
				LastSwiftUpdateCheck = 0910;
				LastUpgradeCheck = 0910;
				ORGANIZATIONNAME = "Monsters & Minecarts";
				TargetAttributes = {
					0D0A9CBE21D3116C00F1DD45 = {
						CreatedOnToolsVersion = 9.1;
						ProvisioningStyle = Automatic;
					};
					0D0A9CD221D3116D00F1DD45 = {
						CreatedOnToolsVersion = 9.1;
						ProvisioningStyle = Automatic;
						TestTargetID = 0D0A9CBE21D3116C00F1DD45;
					};
					0D0A9CDD21D3116D00F1DD45 = {
						CreatedOnToolsVersion = 9.1;
						ProvisioningStyle = Automatic;
						TestTargetID = 0D0A9CBE21D3116C00F1DD45;
					};
				};
			};
			buildConfigurationList = 0D0A9CBA21D3116C00F1DD45 /* Build configuration list for PBXProject "A Lovely Omniscient Networking Experience" */;
			compatibilityVersion = "Xcode 8.0";
			developmentRegion = en;
			hasScannedForEncodings = 0;
			knownRegions = (
				en,
				Base,
			);
			mainGroup = 0D0A9CB621D3116C00F1DD45;
			productRefGroup = 0D0A9CC021D3116C00F1DD45 /* Products */;
			projectDirPath = "";
			projectRoot = "";
			targets = (
				0D0A9CBE21D3116C00F1DD45 /* A Lovely Onmiscient Networking Experience */,
				0D0A9CD221D3116D00F1DD45 /* A Lovely Onmiscient Networking ExperienceTests */,
				0D0A9CDD21D3116D00F1DD45 /* A Lovely Onmiscient Networking ExperienceUITests */,
			);
		};
/* End PBXProject section */

/* Begin PBXResourcesBuildPhase section */
		0D0A9CBD21D3116C00F1DD45 /* Resources */ = {
			isa = PBXResourcesBuildPhase;
			buildActionMask = 2147483647;
			files = (
				0D0A9CCD21D3116D00F1DD45 /* LaunchScreen.storyboard in Resources */,
				0D0A9CCA21D3116D00F1DD45 /* Assets.xcassets in Resources */,
				0D0A9CC821D3116D00F1DD45 /* Main.storyboard in Resources */,
			);
			runOnlyForDeploymentPostprocessing = 0;
		};
		0D0A9CD121D3116D00F1DD45 /* Resources */ = {
			isa = PBXResourcesBuildPhase;
			buildActionMask = 2147483647;
			files = (
			);
			runOnlyForDeploymentPostprocessing = 0;
		};
		0D0A9CDC21D3116D00F1DD45 /* Resources */ = {
			isa = PBXResourcesBuildPhase;
			buildActionMask = 2147483647;
			files = (
			);
			runOnlyForDeploymentPostprocessing = 0;
		};
/* End PBXResourcesBuildPhase section */

/* Begin PBXSourcesBuildPhase section */
		0D0A9CBB21D3116C00F1DD45 /* Sources */ = {
			isa = PBXSourcesBuildPhase;
			buildActionMask = 2147483647;
			files = (
				0DB6372722C535DB0017DA08 /* Mineral.swift in Sources */,
				0D1F2F6321F3A7CE00F4D4C6 /* BattleViewController.swift in Sources */,
				0DC1C18F23202CDB00BC5934 /* ShopViewController.swift in Sources */,
				0D1F2F6921F3ACFF00F4D4C6 /* MenuViewController.swift in Sources */,
				0D21F76821F8BAF700E6DD4B /* Quest.swift in Sources */,
				0D0A9CC521D3116C00F1DD45 /* ViewController.swift in Sources */,
				0D0A9CF321D3154D00F1DD45 /* WorldClass.swift in Sources */,
				0D0A9CC321D3116C00F1DD45 /* AppDelegate.swift in Sources */,
				0D4AE17621DE79460062612E /* EntityClass.swift in Sources */,
				0D1F2F6721F3AA4B00F4D4C6 /* StartViewController.swift in Sources */,
				0D4AE17821DF0EC60062612E /* Item.swift in Sources */,
				0DE0ED7E226FB94300166A2D /* VictoryViewController.swift in Sources */,
				0DEDA8552280EC7D00ACA925 /* CraftingViewController.swift in Sources */,
				0D1F2F6D21F51FFC00F4D4C6 /* InventoryViewController.swift in Sources */,
				0DB6373122DE50050017DA08 /* Equipment.swift in Sources */,
				0D0A9CF121D3152200F1DD45 /* GenerationViewController.swift in Sources */,
				0DB6373322DE50200017DA08 /* BodyPart.swift in Sources */,
				0DB6372D22D612C90017DA08 /* Pocket.swift in Sources */,
				0DC60A6B22F25B0D008E9156 /* Biohazard.swift in Sources */,
				0DB6372F22D776B60017DA08 /* Skill.swift in Sources */,
				0D1F2F6521F3AA3D00F4D4C6 /* IntroViewController.swift in Sources */,
				0DC1C191232032D200BC5934 /* Shop.swift in Sources */,
				0D21F76621F8B3CB00E6DD4B /* Debuff.swift in Sources */,
			);
			runOnlyForDeploymentPostprocessing = 0;
		};
		0D0A9CCF21D3116D00F1DD45 /* Sources */ = {
			isa = PBXSourcesBuildPhase;
			buildActionMask = 2147483647;
			files = (
				0D0A9CD821D3116D00F1DD45 /* A_Lovely_Onmiscient_Networking_ExperienceTests.swift in Sources */,
			);
			runOnlyForDeploymentPostprocessing = 0;
		};
		0D0A9CDA21D3116D00F1DD45 /* Sources */ = {
			isa = PBXSourcesBuildPhase;
			buildActionMask = 2147483647;
			files = (
				0D0A9CE321D3116D00F1DD45 /* A_Lovely_Onmiscient_Networking_ExperienceUITests.swift in Sources */,
			);
			runOnlyForDeploymentPostprocessing = 0;
		};
/* End PBXSourcesBuildPhase section */

/* Begin PBXTargetDependency section */
		0D0A9CD521D3116D00F1DD45 /* PBXTargetDependency */ = {
			isa = PBXTargetDependency;
			target = 0D0A9CBE21D3116C00F1DD45 /* A Lovely Onmiscient Networking Experience */;
			targetProxy = 0D0A9CD421D3116D00F1DD45 /* PBXContainerItemProxy */;
		};
		0D0A9CE021D3116D00F1DD45 /* PBXTargetDependency */ = {
			isa = PBXTargetDependency;
			target = 0D0A9CBE21D3116C00F1DD45 /* A Lovely Onmiscient Networking Experience */;
			targetProxy = 0D0A9CDF21D3116D00F1DD45 /* PBXContainerItemProxy */;
		};
/* End PBXTargetDependency section */

/* Begin PBXVariantGroup section */
		0D0A9CC621D3116D00F1DD45 /* Main.storyboard */ = {
			isa = PBXVariantGroup;
			children = (
				0D0A9CC721D3116D00F1DD45 /* Base */,
			);
			name = Main.storyboard;
			sourceTree = "<group>";
		};
		0D0A9CCB21D3116D00F1DD45 /* LaunchScreen.storyboard */ = {
			isa = PBXVariantGroup;
			children = (
				0D0A9CCC21D3116D00F1DD45 /* Base */,
			);
			name = LaunchScreen.storyboard;
			sourceTree = "<group>";
		};
/* End PBXVariantGroup section */

/* Begin XCBuildConfiguration section */
		0D0A9CE521D3116D00F1DD45 /* Debug */ = {
			isa = XCBuildConfiguration;
			buildSettings = {
				ALWAYS_SEARCH_USER_PATHS = NO;
				CLANG_ANALYZER_NONNULL = YES;
				CLANG_ANALYZER_NUMBER_OBJECT_CONVERSION = YES_AGGRESSIVE;
				CLANG_CXX_LANGUAGE_STANDARD = "gnu++14";
				CLANG_CXX_LIBRARY = "libc++";
				CLANG_ENABLE_MODULES = YES;
				CLANG_ENABLE_OBJC_ARC = YES;
				CLANG_WARN_BLOCK_CAPTURE_AUTORELEASING = YES;
				CLANG_WARN_BOOL_CONVERSION = YES;
				CLANG_WARN_COMMA = YES;
				CLANG_WARN_CONSTANT_CONVERSION = YES;
				CLANG_WARN_DIRECT_OBJC_ISA_USAGE = YES_ERROR;
				CLANG_WARN_DOCUMENTATION_COMMENTS = YES;
				CLANG_WARN_EMPTY_BODY = YES;
				CLANG_WARN_ENUM_CONVERSION = YES;
				CLANG_WARN_INFINITE_RECURSION = YES;
				CLANG_WARN_INT_CONVERSION = YES;
				CLANG_WARN_NON_LITERAL_NULL_CONVERSION = YES;
				CLANG_WARN_OBJC_LITERAL_CONVERSION = YES;
				CLANG_WARN_OBJC_ROOT_CLASS = YES_ERROR;
				CLANG_WARN_RANGE_LOOP_ANALYSIS = YES;
				CLANG_WARN_STRICT_PROTOTYPES = YES;
				CLANG_WARN_SUSPICIOUS_MOVE = YES;
				CLANG_WARN_UNGUARDED_AVAILABILITY = YES_AGGRESSIVE;
				CLANG_WARN_UNREACHABLE_CODE = YES;
				CLANG_WARN__DUPLICATE_METHOD_MATCH = YES;
				CODE_SIGN_IDENTITY = "iPhone Developer";
				COPY_PHASE_STRIP = NO;
				DEBUG_INFORMATION_FORMAT = dwarf;
				ENABLE_STRICT_OBJC_MSGSEND = YES;
				ENABLE_TESTABILITY = YES;
				GCC_C_LANGUAGE_STANDARD = gnu11;
				GCC_DYNAMIC_NO_PIC = NO;
				GCC_NO_COMMON_BLOCKS = YES;
				GCC_OPTIMIZATION_LEVEL = 0;
				GCC_PREPROCESSOR_DEFINITIONS = (
					"DEBUG=1",
					"$(inherited)",
				);
				GCC_WARN_64_TO_32_BIT_CONVERSION = YES;
				GCC_WARN_ABOUT_RETURN_TYPE = YES_ERROR;
				GCC_WARN_UNDECLARED_SELECTOR = YES;
				GCC_WARN_UNINITIALIZED_AUTOS = YES_AGGRESSIVE;
				GCC_WARN_UNUSED_FUNCTION = YES;
				GCC_WARN_UNUSED_VARIABLE = YES;
				IPHONEOS_DEPLOYMENT_TARGET = 11.1;
				MTL_ENABLE_DEBUG_INFO = YES;
				ONLY_ACTIVE_ARCH = YES;
				SDKROOT = iphoneos;
				SWIFT_ACTIVE_COMPILATION_CONDITIONS = DEBUG;
				SWIFT_OPTIMIZATION_LEVEL = "-Onone";
			};
			name = Debug;
		};
		0D0A9CE621D3116D00F1DD45 /* Release */ = {
			isa = XCBuildConfiguration;
			buildSettings = {
				ALWAYS_SEARCH_USER_PATHS = NO;
				CLANG_ANALYZER_NONNULL = YES;
				CLANG_ANALYZER_NUMBER_OBJECT_CONVERSION = YES_AGGRESSIVE;
				CLANG_CXX_LANGUAGE_STANDARD = "gnu++14";
				CLANG_CXX_LIBRARY = "libc++";
				CLANG_ENABLE_MODULES = YES;
				CLANG_ENABLE_OBJC_ARC = YES;
				CLANG_WARN_BLOCK_CAPTURE_AUTORELEASING = YES;
				CLANG_WARN_BOOL_CONVERSION = YES;
				CLANG_WARN_COMMA = YES;
				CLANG_WARN_CONSTANT_CONVERSION = YES;
				CLANG_WARN_DIRECT_OBJC_ISA_USAGE = YES_ERROR;
				CLANG_WARN_DOCUMENTATION_COMMENTS = YES;
				CLANG_WARN_EMPTY_BODY = YES;
				CLANG_WARN_ENUM_CONVERSION = YES;
				CLANG_WARN_INFINITE_RECURSION = YES;
				CLANG_WARN_INT_CONVERSION = YES;
				CLANG_WARN_NON_LITERAL_NULL_CONVERSION = YES;
				CLANG_WARN_OBJC_LITERAL_CONVERSION = YES;
				CLANG_WARN_OBJC_ROOT_CLASS = YES_ERROR;
				CLANG_WARN_RANGE_LOOP_ANALYSIS = YES;
				CLANG_WARN_STRICT_PROTOTYPES = YES;
				CLANG_WARN_SUSPICIOUS_MOVE = YES;
				CLANG_WARN_UNGUARDED_AVAILABILITY = YES_AGGRESSIVE;
				CLANG_WARN_UNREACHABLE_CODE = YES;
				CLANG_WARN__DUPLICATE_METHOD_MATCH = YES;
				CODE_SIGN_IDENTITY = "iPhone Developer";
				COPY_PHASE_STRIP = NO;
				DEBUG_INFORMATION_FORMAT = "dwarf-with-dsym";
				ENABLE_NS_ASSERTIONS = NO;
				ENABLE_STRICT_OBJC_MSGSEND = YES;
				GCC_C_LANGUAGE_STANDARD = gnu11;
				GCC_NO_COMMON_BLOCKS = YES;
				GCC_WARN_64_TO_32_BIT_CONVERSION = YES;
				GCC_WARN_ABOUT_RETURN_TYPE = YES_ERROR;
				GCC_WARN_UNDECLARED_SELECTOR = YES;
				GCC_WARN_UNINITIALIZED_AUTOS = YES_AGGRESSIVE;
				GCC_WARN_UNUSED_FUNCTION = YES;
				GCC_WARN_UNUSED_VARIABLE = YES;
				IPHONEOS_DEPLOYMENT_TARGET = 11.1;
				MTL_ENABLE_DEBUG_INFO = NO;
				SDKROOT = iphoneos;
				SWIFT_OPTIMIZATION_LEVEL = "-Owholemodule";
				VALIDATE_PRODUCT = YES;
			};
			name = Release;
		};
		0D0A9CE821D3116D00F1DD45 /* Debug */ = {
			isa = XCBuildConfiguration;
			buildSettings = {
				ASSETCATALOG_COMPILER_APPICON_NAME = AppIcon;
				CODE_SIGN_STYLE = Automatic;
				DEVELOPMENT_TEAM = BD5MP26W75;
				INFOPLIST_FILE = "$(SRCROOT)/A Lovely Omniscient Networking Experience/Info.plist";
				IPHONEOS_DEPLOYMENT_TARGET = 11.1;
				LD_RUNPATH_SEARCH_PATHS = "$(inherited) @executable_path/Frameworks";
				PRODUCT_BUNDLE_IDENTIFIER = "NbA.A-Lovely-Omniscient-Networking-Experience";
				PRODUCT_NAME = "$(TARGET_NAME)";
				SWIFT_VERSION = 4.0;
				TARGETED_DEVICE_FAMILY = 1;
			};
			name = Debug;
		};
		0D0A9CE921D3116D00F1DD45 /* Release */ = {
			isa = XCBuildConfiguration;
			buildSettings = {
				ASSETCATALOG_COMPILER_APPICON_NAME = AppIcon;
				CODE_SIGN_STYLE = Automatic;
				DEVELOPMENT_TEAM = BD5MP26W75;
				INFOPLIST_FILE = "$(SRCROOT)/A Lovely Omniscient Networking Experience/Info.plist";
				IPHONEOS_DEPLOYMENT_TARGET = 11.1;
				LD_RUNPATH_SEARCH_PATHS = "$(inherited) @executable_path/Frameworks";
				PRODUCT_BUNDLE_IDENTIFIER = "NbA.A-Lovely-Omniscient-Networking-Experience";
				PRODUCT_NAME = "$(TARGET_NAME)";
				SWIFT_VERSION = 4.0;
				TARGETED_DEVICE_FAMILY = 1;
			};
			name = Release;
		};
		0D0A9CEB21D3116D00F1DD45 /* Debug */ = {
			isa = XCBuildConfiguration;
			buildSettings = {
				ALWAYS_EMBED_SWIFT_STANDARD_LIBRARIES = YES;
				BUNDLE_LOADER = "$(TEST_HOST)";
				CODE_SIGN_STYLE = Automatic;
				DEVELOPMENT_TEAM = N23436B3HE;
				INFOPLIST_FILE = "A Lovely Onmiscient Networking ExperienceTests/Info.plist";
				LD_RUNPATH_SEARCH_PATHS = "$(inherited) @executable_path/Frameworks @loader_path/Frameworks";
				PRODUCT_BUNDLE_IDENTIFIER = "MandM.A-Lovely-Onmiscient-Networking-ExperienceTests";
				PRODUCT_NAME = "$(TARGET_NAME)";
				SWIFT_VERSION = 4.0;
				TARGETED_DEVICE_FAMILY = "1,2";
				TEST_HOST = "$(BUILT_PRODUCTS_DIR)/A Lovely Onmiscient Networking Experience.app/A Lovely Onmiscient Networking Experience";
			};
			name = Debug;
		};
		0D0A9CEC21D3116D00F1DD45 /* Release */ = {
			isa = XCBuildConfiguration;
			buildSettings = {
				ALWAYS_EMBED_SWIFT_STANDARD_LIBRARIES = YES;
				BUNDLE_LOADER = "$(TEST_HOST)";
				CODE_SIGN_STYLE = Automatic;
				DEVELOPMENT_TEAM = N23436B3HE;
				INFOPLIST_FILE = "A Lovely Onmiscient Networking ExperienceTests/Info.plist";
				LD_RUNPATH_SEARCH_PATHS = "$(inherited) @executable_path/Frameworks @loader_path/Frameworks";
				PRODUCT_BUNDLE_IDENTIFIER = "MandM.A-Lovely-Onmiscient-Networking-ExperienceTests";
				PRODUCT_NAME = "$(TARGET_NAME)";
				SWIFT_VERSION = 4.0;
				TARGETED_DEVICE_FAMILY = "1,2";
				TEST_HOST = "$(BUILT_PRODUCTS_DIR)/A Lovely Onmiscient Networking Experience.app/A Lovely Onmiscient Networking Experience";
			};
			name = Release;
		};
		0D0A9CEE21D3116D00F1DD45 /* Debug */ = {
			isa = XCBuildConfiguration;
			buildSettings = {
				ALWAYS_EMBED_SWIFT_STANDARD_LIBRARIES = YES;
				CODE_SIGN_STYLE = Automatic;
				DEVELOPMENT_TEAM = N23436B3HE;
				INFOPLIST_FILE = "A Lovely Onmiscient Networking ExperienceUITests/Info.plist";
				LD_RUNPATH_SEARCH_PATHS = "$(inherited) @executable_path/Frameworks @loader_path/Frameworks";
				PRODUCT_BUNDLE_IDENTIFIER = "MandM.A-Lovely-Onmiscient-Networking-ExperienceUITests";
				PRODUCT_NAME = "$(TARGET_NAME)";
				SWIFT_VERSION = 4.0;
				TARGETED_DEVICE_FAMILY = "1,2";
				TEST_TARGET_NAME = "A Lovely Onmiscient Networking Experience";
			};
			name = Debug;
		};
		0D0A9CEF21D3116D00F1DD45 /* Release */ = {
			isa = XCBuildConfiguration;
			buildSettings = {
				ALWAYS_EMBED_SWIFT_STANDARD_LIBRARIES = YES;
				CODE_SIGN_STYLE = Automatic;
				DEVELOPMENT_TEAM = N23436B3HE;
				INFOPLIST_FILE = "A Lovely Onmiscient Networking ExperienceUITests/Info.plist";
				LD_RUNPATH_SEARCH_PATHS = "$(inherited) @executable_path/Frameworks @loader_path/Frameworks";
				PRODUCT_BUNDLE_IDENTIFIER = "MandM.A-Lovely-Onmiscient-Networking-ExperienceUITests";
				PRODUCT_NAME = "$(TARGET_NAME)";
				SWIFT_VERSION = 4.0;
				TARGETED_DEVICE_FAMILY = "1,2";
				TEST_TARGET_NAME = "A Lovely Onmiscient Networking Experience";
			};
			name = Release;
		};
/* End XCBuildConfiguration section */

/* Begin XCConfigurationList section */
		0D0A9CBA21D3116C00F1DD45 /* Build configuration list for PBXProject "A Lovely Omniscient Networking Experience" */ = {
			isa = XCConfigurationList;
			buildConfigurations = (
				0D0A9CE521D3116D00F1DD45 /* Debug */,
				0D0A9CE621D3116D00F1DD45 /* Release */,
			);
			defaultConfigurationIsVisible = 0;
			defaultConfigurationName = Release;
		};
		0D0A9CE721D3116D00F1DD45 /* Build configuration list for PBXNativeTarget "A Lovely Onmiscient Networking Experience" */ = {
			isa = XCConfigurationList;
			buildConfigurations = (
				0D0A9CE821D3116D00F1DD45 /* Debug */,
				0D0A9CE921D3116D00F1DD45 /* Release */,
			);
			defaultConfigurationIsVisible = 0;
			defaultConfigurationName = Release;
		};
		0D0A9CEA21D3116D00F1DD45 /* Build configuration list for PBXNativeTarget "A Lovely Onmiscient Networking ExperienceTests" */ = {
			isa = XCConfigurationList;
			buildConfigurations = (
				0D0A9CEB21D3116D00F1DD45 /* Debug */,
				0D0A9CEC21D3116D00F1DD45 /* Release */,
			);
			defaultConfigurationIsVisible = 0;
			defaultConfigurationName = Release;
		};
		0D0A9CED21D3116D00F1DD45 /* Build configuration list for PBXNativeTarget "A Lovely Onmiscient Networking ExperienceUITests" */ = {
			isa = XCConfigurationList;
			buildConfigurations = (
				0D0A9CEE21D3116D00F1DD45 /* Debug */,
				0D0A9CEF21D3116D00F1DD45 /* Release */,
			);
			defaultConfigurationIsVisible = 0;
			defaultConfigurationName = Release;
		};
/* End XCConfigurationList section */
	};
	rootObject = 0D0A9CB721D3116C00F1DD45 /* Project object */;
}
